
Microsoft Visual Studio Solution File, Format Version 12.00
# Visual Studio Version 17
VisualStudioVersion = 17.1.32210.238
MinimumVisualStudioVersion = 10.0.40219.1
Project("{FAE04EC0-301F-11D3-BF4B-00C04F79EFBC}") = "P330Pronia", "P330Pronia\P330Pronia.csproj", "{8B9F4D49-F775-4654-8326-A100D9116C51}"
EndProject
Global
	GlobalSection(SolutionConfigurationPlatforms) = preSolution
		Debug|Any CPU = Debug|Any CPU
		Release|Any CPU = Release|Any CPU
	EndGlobalSection
	GlobalSection(ProjectConfigurationPlatforms) = postSolution
		{8B9F4D49-F775-4654-8326-A100D9116C51}.Debug|Any CPU.ActiveCfg = Debug|Any CPU
		{8B9F4D49-F775-4654-8326-A100D9116C51}.Debug|Any CPU.Build.0 = Debug|Any CPU
		{8B9F4D49-F775-4654-8326-A100D9116C51}.Release|Any CPU.ActiveCfg = Release|Any CPU
		{8B9F4D49-F775-4654-8326-A100D9116C51}.Release|Any CPU.Build.0 = Release|Any CPU
	EndGlobalSection
	GlobalSection(SolutionProperties) = preSolution
		HideSolutionNode = FALSE
	EndGlobalSection
	GlobalSection(ExtensibilityGlobals) = postSolution
		SolutionGuid = {BD1D6037-00C6-43A3-B499-127358939E2F}
	EndGlobalSection
EndGlobal
